
Microsoft Visual Studio Solution File, Format Version 12.00
# Visual Studio 14
VisualStudioVersion = 14.0.23107.0
MinimumVisualStudioVersion = 10.0.40219.1
Project("{FAE04EC0-301F-11D3-BF4B-00C04F79EFBC}") = "fs", "fs.csproj", "{6CC48820-2123-43A1-B4E0-568639BAE4FB}"
EndProject
Project("{FAE04EC0-301F-11D3-BF4B-00C04F79EFBC}") = "fserv", "..\fserv\fserv.csproj", "{BF78F14D-9B8C-414F-A6D6-6FE10159CE41}"
EndProject
Project("{E24C65DC-7377-472B-9ABA-BC803B73C61A}") = "fsweb", "..\fsweb\", "{F408847B-6282-4186-9776-DAEA404683F6}"
	ProjectSection(WebsiteProperties) = preProject
		TargetFrameworkMoniker = ".NETFramework,Version%3Dv4.5.2"
		Debug.AspNetCompiler.VirtualPath = "/localhost_38576"
		Debug.AspNetCompiler.PhysicalPath = "..\fsweb\"
		Debug.AspNetCompiler.TargetPath = "PrecompiledWeb\localhost_38576\"
		Debug.AspNetCompiler.Updateable = "true"
		Debug.AspNetCompiler.ForceOverwrite = "true"
		Debug.AspNetCompiler.FixedNames = "false"
		Debug.AspNetCompiler.Debug = "True"
		Release.AspNetCompiler.VirtualPath = "/localhost_38576"
		Release.AspNetCompiler.PhysicalPath = "..\fsweb\"
		Release.AspNetCompiler.TargetPath = "PrecompiledWeb\localhost_38576\"
		Release.AspNetCompiler.Updateable = "true"
		Release.AspNetCompiler.ForceOverwrite = "true"
		Release.AspNetCompiler.FixedNames = "false"
		Release.AspNetCompiler.Debug = "False"
		VWDPort = "38576"
		SlnRelativePath = "..\fsweb\"
		DefaultWebSiteLanguage = "Visual C#"
	EndProjectSection
EndProject
Global
	GlobalSection(SolutionConfigurationPlatforms) = preSolution
		Debug|Any CPU = Debug|Any CPU
		Release|Any CPU = Release|Any CPU
	EndGlobalSection
	GlobalSection(ProjectConfigurationPlatforms) = postSolution
		{6CC48820-2123-43A1-B4E0-568639BAE4FB}.Debug|Any CPU.ActiveCfg = Debug|Any CPU
		{6CC48820-2123-43A1-B4E0-568639BAE4FB}.Debug|Any CPU.Build.0 = Debug|Any CPU
		{6CC48820-2123-43A1-B4E0-568639BAE4FB}.Release|Any CPU.ActiveCfg = Release|Any CPU
		{6CC48820-2123-43A1-B4E0-568639BAE4FB}.Release|Any CPU.Build.0 = Release|Any CPU
		{BF78F14D-9B8C-414F-A6D6-6FE10159CE41}.Debug|Any CPU.ActiveCfg = Debug|Any CPU
		{BF78F14D-9B8C-414F-A6D6-6FE10159CE41}.Debug|Any CPU.Build.0 = Debug|Any CPU
		{BF78F14D-9B8C-414F-A6D6-6FE10159CE41}.Release|Any CPU.ActiveCfg = Release|Any CPU
		{BF78F14D-9B8C-414F-A6D6-6FE10159CE41}.Release|Any CPU.Build.0 = Release|Any CPU
		{F408847B-6282-4186-9776-DAEA404683F6}.Debug|Any CPU.ActiveCfg = Debug|Any CPU
		{F408847B-6282-4186-9776-DAEA404683F6}.Debug|Any CPU.Build.0 = Debug|Any CPU
		{F408847B-6282-4186-9776-DAEA404683F6}.Release|Any CPU.ActiveCfg = Debug|Any CPU
		{F408847B-6282-4186-9776-DAEA404683F6}.Release|Any CPU.Build.0 = Debug|Any CPU
	EndGlobalSection
	GlobalSection(SolutionProperties) = preSolution
		HideSolutionNode = FALSE
	EndGlobalSection
EndGlobal
